
Microsoft Visual Studio Solution File, Format Version 12.00
# Visual Studio Version 17
VisualStudioVersion = 17.0.31903.59
MinimumVisualStudioVersion = 10.0.40219.1
Project("{FAE04EC0-301F-11D3-BF4B-00C04F79EFBC}") = "API", "API\API.csproj", "{773511EB-661B-48FA-A49E-B9C286502B4D}"
EndProject
Project("{FAE04EC0-301F-11D3-BF4B-00C04F79EFBC}") = "Core", "Core\Core.csproj", "{7794B8BC-A853-4BF3-8104-17C32C1ACF50}"
EndProject
Project("{FAE04EC0-301F-11D3-BF4B-00C04F79EFBC}") = "Infrastructure", "Infrastructure\Infrastructure.csproj", "{72EAD07A-5991-4779-A615-B0265FA9C186}"
EndProject
Global
	GlobalSection(SolutionConfigurationPlatforms) = preSolution
		Debug|Any CPU = Debug|Any CPU
		Release|Any CPU = Release|Any CPU
	EndGlobalSection
	GlobalSection(SolutionProperties) = preSolution
		HideSolutionNode = FALSE
	EndGlobalSection
	GlobalSection(ProjectConfigurationPlatforms) = postSolution
		{773511EB-661B-48FA-A49E-B9C286502B4D}.Debug|Any CPU.ActiveCfg = Debug|Any CPU
		{773511EB-661B-48FA-A49E-B9C286502B4D}.Debug|Any CPU.Build.0 = Debug|Any CPU
		{773511EB-661B-48FA-A49E-B9C286502B4D}.Release|Any CPU.ActiveCfg = Release|Any CPU
		{773511EB-661B-48FA-A49E-B9C286502B4D}.Release|Any CPU.Build.0 = Release|Any CPU
		{7794B8BC-A853-4BF3-8104-17C32C1ACF50}.Debug|Any CPU.ActiveCfg = Debug|Any CPU
		{7794B8BC-A853-4BF3-8104-17C32C1ACF50}.Debug|Any CPU.Build.0 = Debug|Any CPU
		{7794B8BC-A853-4BF3-8104-17C32C1ACF50}.Release|Any CPU.ActiveCfg = Release|Any CPU
		{7794B8BC-A853-4BF3-8104-17C32C1ACF50}.Release|Any CPU.Build.0 = Release|Any CPU
		{72EAD07A-5991-4779-A615-B0265FA9C186}.Debug|Any CPU.ActiveCfg = Debug|Any CPU
		{72EAD07A-5991-4779-A615-B0265FA9C186}.Debug|Any CPU.Build.0 = Debug|Any CPU
		{72EAD07A-5991-4779-A615-B0265FA9C186}.Release|Any CPU.ActiveCfg = Release|Any CPU
		{72EAD07A-5991-4779-A615-B0265FA9C186}.Release|Any CPU.Build.0 = Release|Any CPU
	EndGlobalSection
EndGlobal
